
Microsoft Visual Studio Solution File, Format Version 12.00
# Visual Studio Version 16
VisualStudioVersion = 16.0.32228.343
MinimumVisualStudioVersion = 10.0.40219.1
Project("{FAE04EC0-301F-11D3-BF4B-00C04F79EFBC}") = "UpConstruction", "UpConstruction\UpConstruction.csproj", "{D733BBF1-267E-4B8D-A0DE-C8DEA4D2C630}"
EndProject
Global
	GlobalSection(SolutionConfigurationPlatforms) = preSolution
		Debug|Any CPU = Debug|Any CPU
		Release|Any CPU = Release|Any CPU
	EndGlobalSection
	GlobalSection(ProjectConfigurationPlatforms) = postSolution
		{D733BBF1-267E-4B8D-A0DE-C8DEA4D2C630}.Debug|Any CPU.ActiveCfg = Debug|Any CPU
		{D733BBF1-267E-4B8D-A0DE-C8DEA4D2C630}.Debug|Any CPU.Build.0 = Debug|Any CPU
		{D733BBF1-267E-4B8D-A0DE-C8DEA4D2C630}.Release|Any CPU.ActiveCfg = Release|Any CPU
		{D733BBF1-267E-4B8D-A0DE-C8DEA4D2C630}.Release|Any CPU.Build.0 = Release|Any CPU
	EndGlobalSection
	GlobalSection(SolutionProperties) = preSolution
		HideSolutionNode = FALSE
	EndGlobalSection
	GlobalSection(ExtensibilityGlobals) = postSolution
		SolutionGuid = {88B02FAF-EF6B-4588-9D02-0E7FFF4DA874}
	EndGlobalSection
EndGlobal
